
Microsoft Visual Studio Solution File, Format Version 12.00
# Visual Studio 14
VisualStudioVersion = 14.0.25420.1
MinimumVisualStudioVersion = 10.0.40219.1
Project("{FAE04EC0-301F-11D3-BF4B-00C04F79EFBC}") = "CSharpFundamentos.Capitulo03.Variaveis", "CSharpFundamentos.Capitulo03.Variaveis\CSharpFundamentos.Capitulo03.Variaveis.csproj", "{EB179C46-0002-44E7-9E71-0F3EB1C36DE3}"
EndProject
Project("{FAE04EC0-301F-11D3-BF4B-00C04F79EFBC}") = "CSharpFundamentos.Capitulo03.Troco", "CSharpFundamentos.Capitulo03.Troco\CSharpFundamentos.Capitulo03.Troco.csproj", "{D7AC9F14-E93C-45AF-8E11-663B2B4BD4DC}"
EndProject
Project("{FAE04EC0-301F-11D3-BF4B-00C04F79EFBC}") = "CSharpFundamentos.Capitulo04.frete", "CSharpFundamentos.Capitulo04.frete\CSharpFundamentos.Capitulo04.frete.csproj", "{973F7766-3CEA-4391-B729-2537543FF08D}"
EndProject
Project("{FAE04EC0-301F-11D3-BF4B-00C04F79EFBC}") = "CSharpFundamentos", "CSharpFundamentos\CSharpFundamentos.csproj", "{DE3D424B-EFA3-4528-B163-1F95DDC3003D}"
EndProject
Project("{FAE04EC0-301F-11D3-BF4B-00C04F79EFBC}") = "CSharpFundamenos.Capitulo05.Repeticao.Teste", "CSharpFundamenos.Capitulo05.Repeticao.Teste\CSharpFundamenos.Capitulo05.Repeticao.Teste.csproj", "{AD0621F9-AAB8-4F26-A9AA-1E1DD0E580A4}"
EndProject
Project("{FAE04EC0-301F-11D3-BF4B-00C04F79EFBC}") = "CSharpFundamentos.Capitulo08.VetoresColecoes.Testes", "CSharpFundamentos.Capitulo08.VetoresColecoes.Testes\CSharpFundamentos.Capitulo08.VetoresColecoes.Testes.csproj", "{D61DEA8D-9F43-442F-9BB9-8CA75360340D}"
EndProject
Project("{2150E333-8FDC-42A3-9474-1A3956D46DE8}") = "Oficina", "Oficina", "{CCF9CD63-F464-4495-8A3E-8DA0B36AC311}"
EndProject
Project("{FAE04EC0-301F-11D3-BF4B-00C04F79EFBC}") = "Oficina.Dominio", "Oficina.Dominio\Oficina.Dominio.csproj", "{B0BCE9B1-C9CF-46D0-AA6D-EB6B57B6CF1A}"
EndProject
Project("{FAE04EC0-301F-11D3-BF4B-00C04F79EFBC}") = "Oficina.Repositorios.SistemaArquivos", "Oficina.Repositorios.SistemaArquivos\Oficina.Repositorios.SistemaArquivos.csproj", "{D09801FF-4C05-498A-B403-32AE9E26DAC4}"
EndProject
Project("{FAE04EC0-301F-11D3-BF4B-00C04F79EFBC}") = "Oficina.Repositorios.SistemaArquivosTests", "Oficina.Repositorios.SistemaArquivosTests\Oficina.Repositorios.SistemaArquivosTests.csproj", "{3F23B00D-B05D-4EE6-899E-8062D7CBB1DE}"
EndProject
Project("{FAE04EC0-301F-11D3-BF4B-00C04F79EFBC}") = "Oficina.WindowsForms", "Oficina.WindowsForms\Oficina.WindowsForms.csproj", "{066AE6F4-049F-4DDC-A6C7-C9405254D8CA}"
EndProject
Global
	GlobalSection(SolutionConfigurationPlatforms) = preSolution
		Debug|Any CPU = Debug|Any CPU
		Release|Any CPU = Release|Any CPU
	EndGlobalSection
	GlobalSection(ProjectConfigurationPlatforms) = postSolution
		{EB179C46-0002-44E7-9E71-0F3EB1C36DE3}.Debug|Any CPU.ActiveCfg = Debug|Any CPU
		{EB179C46-0002-44E7-9E71-0F3EB1C36DE3}.Debug|Any CPU.Build.0 = Debug|Any CPU
		{EB179C46-0002-44E7-9E71-0F3EB1C36DE3}.Release|Any CPU.ActiveCfg = Release|Any CPU
		{EB179C46-0002-44E7-9E71-0F3EB1C36DE3}.Release|Any CPU.Build.0 = Release|Any CPU
		{D7AC9F14-E93C-45AF-8E11-663B2B4BD4DC}.Debug|Any CPU.ActiveCfg = Debug|Any CPU
		{D7AC9F14-E93C-45AF-8E11-663B2B4BD4DC}.Debug|Any CPU.Build.0 = Debug|Any CPU
		{D7AC9F14-E93C-45AF-8E11-663B2B4BD4DC}.Release|Any CPU.ActiveCfg = Release|Any CPU
		{D7AC9F14-E93C-45AF-8E11-663B2B4BD4DC}.Release|Any CPU.Build.0 = Release|Any CPU
		{973F7766-3CEA-4391-B729-2537543FF08D}.Debug|Any CPU.ActiveCfg = Debug|Any CPU
		{973F7766-3CEA-4391-B729-2537543FF08D}.Debug|Any CPU.Build.0 = Debug|Any CPU
		{973F7766-3CEA-4391-B729-2537543FF08D}.Release|Any CPU.ActiveCfg = Release|Any CPU
		{973F7766-3CEA-4391-B729-2537543FF08D}.Release|Any CPU.Build.0 = Release|Any CPU
		{DE3D424B-EFA3-4528-B163-1F95DDC3003D}.Debug|Any CPU.ActiveCfg = Debug|Any CPU
		{DE3D424B-EFA3-4528-B163-1F95DDC3003D}.Debug|Any CPU.Build.0 = Debug|Any CPU
		{DE3D424B-EFA3-4528-B163-1F95DDC3003D}.Release|Any CPU.ActiveCfg = Release|Any CPU
		{DE3D424B-EFA3-4528-B163-1F95DDC3003D}.Release|Any CPU.Build.0 = Release|Any CPU
		{AD0621F9-AAB8-4F26-A9AA-1E1DD0E580A4}.Debug|Any CPU.ActiveCfg = Debug|Any CPU
		{AD0621F9-AAB8-4F26-A9AA-1E1DD0E580A4}.Debug|Any CPU.Build.0 = Debug|Any CPU
		{AD0621F9-AAB8-4F26-A9AA-1E1DD0E580A4}.Release|Any CPU.ActiveCfg = Release|Any CPU
		{AD0621F9-AAB8-4F26-A9AA-1E1DD0E580A4}.Release|Any CPU.Build.0 = Release|Any CPU
		{D61DEA8D-9F43-442F-9BB9-8CA75360340D}.Debug|Any CPU.ActiveCfg = Debug|Any CPU
		{D61DEA8D-9F43-442F-9BB9-8CA75360340D}.Debug|Any CPU.Build.0 = Debug|Any CPU
		{D61DEA8D-9F43-442F-9BB9-8CA75360340D}.Release|Any CPU.ActiveCfg = Release|Any CPU
		{D61DEA8D-9F43-442F-9BB9-8CA75360340D}.Release|Any CPU.Build.0 = Release|Any CPU
		{B0BCE9B1-C9CF-46D0-AA6D-EB6B57B6CF1A}.Debug|Any CPU.ActiveCfg = Debug|Any CPU
		{B0BCE9B1-C9CF-46D0-AA6D-EB6B57B6CF1A}.Debug|Any CPU.Build.0 = Debug|Any CPU
		{B0BCE9B1-C9CF-46D0-AA6D-EB6B57B6CF1A}.Release|Any CPU.ActiveCfg = Release|Any CPU
		{B0BCE9B1-C9CF-46D0-AA6D-EB6B57B6CF1A}.Release|Any CPU.Build.0 = Release|Any CPU
		{D09801FF-4C05-498A-B403-32AE9E26DAC4}.Debug|Any CPU.ActiveCfg = Debug|Any CPU
		{D09801FF-4C05-498A-B403-32AE9E26DAC4}.Debug|Any CPU.Build.0 = Debug|Any CPU
		{D09801FF-4C05-498A-B403-32AE9E26DAC4}.Release|Any CPU.ActiveCfg = Release|Any CPU
		{D09801FF-4C05-498A-B403-32AE9E26DAC4}.Release|Any CPU.Build.0 = Release|Any CPU
		{3F23B00D-B05D-4EE6-899E-8062D7CBB1DE}.Debug|Any CPU.ActiveCfg = Debug|Any CPU
		{3F23B00D-B05D-4EE6-899E-8062D7CBB1DE}.Debug|Any CPU.Build.0 = Debug|Any CPU
		{3F23B00D-B05D-4EE6-899E-8062D7CBB1DE}.Release|Any CPU.ActiveCfg = Release|Any CPU
		{3F23B00D-B05D-4EE6-899E-8062D7CBB1DE}.Release|Any CPU.Build.0 = Release|Any CPU
		{066AE6F4-049F-4DDC-A6C7-C9405254D8CA}.Debug|Any CPU.ActiveCfg = Debug|Any CPU
		{066AE6F4-049F-4DDC-A6C7-C9405254D8CA}.Debug|Any CPU.Build.0 = Debug|Any CPU
		{066AE6F4-049F-4DDC-A6C7-C9405254D8CA}.Release|Any CPU.ActiveCfg = Release|Any CPU
		{066AE6F4-049F-4DDC-A6C7-C9405254D8CA}.Release|Any CPU.Build.0 = Release|Any CPU
	EndGlobalSection
	GlobalSection(SolutionProperties) = preSolution
		HideSolutionNode = FALSE
	EndGlobalSection
	GlobalSection(NestedProjects) = preSolution
		{B0BCE9B1-C9CF-46D0-AA6D-EB6B57B6CF1A} = {CCF9CD63-F464-4495-8A3E-8DA0B36AC311}
		{D09801FF-4C05-498A-B403-32AE9E26DAC4} = {CCF9CD63-F464-4495-8A3E-8DA0B36AC311}
		{3F23B00D-B05D-4EE6-899E-8062D7CBB1DE} = {CCF9CD63-F464-4495-8A3E-8DA0B36AC311}
		{066AE6F4-049F-4DDC-A6C7-C9405254D8CA} = {CCF9CD63-F464-4495-8A3E-8DA0B36AC311}
	EndGlobalSection
EndGlobal
